
Microsoft Visual Studio Solution File, Format Version 12.00
# Visual Studio Version 17
Project("{8BC9CEB8-8B4A-11D0-8D11-00A0C91BC942}") = "math", "projects\math\math.vcxproj", "{CF809A7C-BBB7-9B0D-64A4-811050BA170F}"
EndProject
Global
	GlobalSection(SolutionConfigurationPlatforms) = preSolution
		Debug|x64 = Debug|x64
		Release|x64 = Release|x64
	EndGlobalSection
	GlobalSection(ProjectConfigurationPlatforms) = postSolution
		{CF809A7C-BBB7-9B0D-64A4-811050BA170F}.Debug|x64.ActiveCfg = Debug|x64
		{CF809A7C-BBB7-9B0D-64A4-811050BA170F}.Debug|x64.Build.0 = Debug|x64
		{CF809A7C-BBB7-9B0D-64A4-811050BA170F}.Release|x64.ActiveCfg = Release|x64
		{CF809A7C-BBB7-9B0D-64A4-811050BA170F}.Release|x64.Build.0 = Release|x64
	EndGlobalSection
	GlobalSection(SolutionProperties) = preSolution
		HideSolutionNode = FALSE
	EndGlobalSection
EndGlobal
